
Microsoft Visual Studio Solution File, Format Version 12.00
# Visual Studio Version 17
VisualStudioVersion = 17.12.35527.113 d17.12
MinimumVisualStudioVersion = 10.0.40219.1
Project("{FAE04EC0-301F-11D3-BF4B-00C04F79EFBC}") = "ServerSide", "ServerSide.csproj", "{026CCB7B-6336-4D18-9E1C-017A442952DF}"
EndProject
Project("{FAE04EC0-301F-11D3-BF4B-00C04F79EFBC}") = "UnitTest", "..\UnitTest\UnitTest.csproj", "{8A86E67D-E1F4-4528-B4F6-A3FA0E5C86CA}"
EndProject
Global
	GlobalSection(SolutionConfigurationPlatforms) = preSolution
		Debug|Any CPU = Debug|Any CPU
		Release|Any CPU = Release|Any CPU
	EndGlobalSection
	GlobalSection(ProjectConfigurationPlatforms) = postSolution
		{026CCB7B-6336-4D18-9E1C-017A442952DF}.Debug|Any CPU.ActiveCfg = Debug|Any CPU
		{026CCB7B-6336-4D18-9E1C-017A442952DF}.Debug|Any CPU.Build.0 = Debug|Any CPU
		{026CCB7B-6336-4D18-9E1C-017A442952DF}.Release|Any CPU.ActiveCfg = Release|Any CPU
		{026CCB7B-6336-4D18-9E1C-017A442952DF}.Release|Any CPU.Build.0 = Release|Any CPU
		{8A86E67D-E1F4-4528-B4F6-A3FA0E5C86CA}.Debug|Any CPU.ActiveCfg = Debug|Any CPU
		{8A86E67D-E1F4-4528-B4F6-A3FA0E5C86CA}.Debug|Any CPU.Build.0 = Debug|Any CPU
		{8A86E67D-E1F4-4528-B4F6-A3FA0E5C86CA}.Release|Any CPU.ActiveCfg = Release|Any CPU
		{8A86E67D-E1F4-4528-B4F6-A3FA0E5C86CA}.Release|Any CPU.Build.0 = Release|Any CPU
	EndGlobalSection
	GlobalSection(SolutionProperties) = preSolution
		HideSolutionNode = FALSE
	EndGlobalSection
EndGlobal
